github.com/myitcvscratch/depanalysis v0.0.1 h1:gZksa7VrCA+nEG6QkomYXC+f7IEoUMthFCfp3Hk3Cgg=
github.com/myitcvscratch/depanalysis v0.0.1/go.mod h1:v0yvLqQ3eFP+JUOArzy62yerIbP2w/crBsAaqcDbry0=
golang.org/x/tools v0.0.0-20181109202920-92d8274bd7b8 h1:VIvcx91Sk7S/d0CZtYIbqRQSTs0PQsHUcIJTHECUaY4=
golang.org/x/tools v0.0.0-20181109202920-92d8274bd7b8/go.mod h1:n7NCudcB/nEzxVGmLbDWY5pfWTLqBcC2KZ6jyYvM4mQ=
